
Microsoft Visual Studio Solution File, Format Version 12.00
# Visual Studio 15
VisualStudioVersion = 15.0.27428.2015
MinimumVisualStudioVersion = 10.0.40219.1
Project("{FAE04EC0-301F-11D3-BF4B-00C04F79EFBC}") = "brice", "brice\brice.csproj", "{BFFE4AC1-1630-4E66-BAB2-9BA557B92080}"
EndProject
Global
	GlobalSection(SolutionConfigurationPlatforms) = preSolution
		Debug|Any CPU = Debug|Any CPU
		Release|Any CPU = Release|Any CPU
	EndGlobalSection
	GlobalSection(ProjectConfigurationPlatforms) = postSolution
		{BFFE4AC1-1630-4E66-BAB2-9BA557B92080}.Debug|Any CPU.ActiveCfg = Debug|Any CPU
		{BFFE4AC1-1630-4E66-BAB2-9BA557B92080}.Debug|Any CPU.Build.0 = Debug|Any CPU
		{BFFE4AC1-1630-4E66-BAB2-9BA557B92080}.Release|Any CPU.ActiveCfg = Release|Any CPU
		{BFFE4AC1-1630-4E66-BAB2-9BA557B92080}.Release|Any CPU.Build.0 = Release|Any CPU
	EndGlobalSection
	GlobalSection(SolutionProperties) = preSolution
		HideSolutionNode = FALSE
	EndGlobalSection
	GlobalSection(ExtensibilityGlobals) = postSolution
		SolutionGuid = {D4FFCB96-DF69-43D0-9470-EB19EB69E689}
	EndGlobalSection
EndGlobal
